Microsoft Visual Studio Solution File, Format Version 12.00
# Visual Studio Version 17
VisualStudioVersion = 17.9.34310.174
MinimumVisualStudioVersion = 10.0.40219.1
Project("{9A19103F-16F7-4668-BE54-9A1E7A4F7556}") = "SourceGenRegressionTests", "SourceGenRegressionTests\SourceGenRegressionTests.csproj", "{CDE9859A-078B-495E-BDB3-BE65E051DA53}"
EndProject
Project("{2150E333-8FDC-42A3-9474-1A3956D46DE8}") = "Solution Items", "Solution Items", "{793811F6-D65B-40EA-96CE-1493541FF52B}"
	ProjectSection(SolutionItems) = preProject
		.gitignore = .gitignore
		LICENSE = LICENSE
		Makefile = Makefile
		README.md = README.md
		stj-regressionsuite.sln = stj-regressionsuite.sln
	EndProjectSection
EndProject
Global
	GlobalSection(SolutionConfigurationPlatforms) = preSolution
		Debug|Any CPU = Debug|Any CPU
		Release|Any CPU = Release|Any CPU
	EndGlobalSection
	GlobalSection(ProjectConfigurationPlatforms) = postSolution
		{CDE9859A-078B-495E-BDB3-BE65E051DA53}.Debug|Any CPU.ActiveCfg = Debug|Any CPU
		{CDE9859A-078B-495E-BDB3-BE65E051DA53}.Debug|Any CPU.Build.0 = Debug|Any CPU
		{CDE9859A-078B-495E-BDB3-BE65E051DA53}.Release|Any CPU.ActiveCfg = Release|Any CPU
		{CDE9859A-078B-495E-BDB3-BE65E051DA53}.Release|Any CPU.Build.0 = Release|Any CPU
	EndGlobalSection
	GlobalSection(SolutionProperties) = preSolution
		HideSolutionNode = FALSE
	EndGlobalSection
	GlobalSection(ExtensibilityGlobals) = postSolution
		SolutionGuid = {D92B68E1-942C-4913-A1B9-9399DD2EEB46}
	EndGlobalSection
EndGlobal
